Microsoft Visual Studio Solution File, Format Version 12.00
# Visual Studio 2012
Project("{FAE04EC0-301F-11D3-BF4B-00C04F79EFBC}") = "RGDCSpringJam2024", "RGDCSpringJam2024.csproj", "{1ED960E3-CB89-409B-9D8F-ED03F4A4FD1B}"
EndProject
Global
	GlobalSection(SolutionConfigurationPlatforms) = preSolution
	Debug|Any CPU = Debug|Any CPU
	ExportDebug|Any CPU = ExportDebug|Any CPU
	ExportRelease|Any CPU = ExportRelease|Any CPU
	EndGlobalSection
	GlobalSection(ProjectConfigurationPlatforms) = postSolution
		{1ED960E3-CB89-409B-9D8F-ED03F4A4FD1B}.Debug|Any CPU.ActiveCfg = Debug|Any CPU
		{1ED960E3-CB89-409B-9D8F-ED03F4A4FD1B}.Debug|Any CPU.Build.0 = Debug|Any CPU
		{1ED960E3-CB89-409B-9D8F-ED03F4A4FD1B}.ExportDebug|Any CPU.ActiveCfg = ExportDebug|Any CPU
		{1ED960E3-CB89-409B-9D8F-ED03F4A4FD1B}.ExportDebug|Any CPU.Build.0 = ExportDebug|Any CPU
		{1ED960E3-CB89-409B-9D8F-ED03F4A4FD1B}.ExportRelease|Any CPU.ActiveCfg = ExportRelease|Any CPU
		{1ED960E3-CB89-409B-9D8F-ED03F4A4FD1B}.ExportRelease|Any CPU.Build.0 = ExportRelease|Any CPU
	EndGlobalSection
EndGlobal
